
Microsoft Visual Studio Solution File, Format Version 12.00
# Visual Studio Version 17
VisualStudioVersion = 17.14.36908.2
MinimumVisualStudioVersion = 10.0.40219.1
Project("{FAE04EC0-301F-11D3-BF4B-00C04F79EFBC}") = "SV22T1020648.Admin", "SV22T1020648.Admin\SV22T1020648.Admin.csproj", "{9BA0A3F5-5290-4B0A-9EEA-CE82959D2DB9}"
EndProject
Project("{FAE04EC0-301F-11D3-BF4B-00C04F79EFBC}") = "SV22T1020648.Shop", "SV22T1020648.Shop\SV22T1020648.Shop.csproj", "{E6AE3606-EED2-43F6-8ADD-35609D00AE68}"
EndProject
Project("{FAE04EC0-301F-11D3-BF4B-00C04F79EFBC}") = "SV22T1020648.Models", "SV22T1020648.Models\SV22T1020648.Models.csproj", "{C5640C34-E3A6-4120-A2E6-FFF90CFCF4CA}"
EndProject
Project("{FAE04EC0-301F-11D3-BF4B-00C04F79EFBC}") = "SV22T1020648.DataLayers", "SV22T1020648.DataLayers\SV22T1020648.DataLayers.csproj", "{541785CE-8D84-452A-B549-304816B6B43B}"
EndProject
Project("{FAE04EC0-301F-11D3-BF4B-00C04F79EFBC}") = "SV22T1020648.BusinessLayers", "SV22T1020648.BusinessLayers\SV22T1020648.BusinessLayers.csproj", "{CD597D06-B488-492E-846C-F5EFEF898D83}"
EndProject
Project("{2150E333-8FDC-42A3-9474-1A3956D46DE8}") = "Applications", "Applications", "{02EA681E-C7D8-13C7-8484-4AC65E1B71E8}"
EndProject
Project("{2150E333-8FDC-42A3-9474-1A3956D46DE8}") = "Libraries", "Libraries", "{D1AC8C28-E10D-4C88-9E75-AEC5B3E35155}"
EndProject
Global
	GlobalSection(SolutionConfigurationPlatforms) = preSolution
		Debug|Any CPU = Debug|Any CPU
		Release|Any CPU = Release|Any CPU
	EndGlobalSection
	GlobalSection(ProjectConfigurationPlatforms) = postSolution
		{9BA0A3F5-5290-4B0A-9EEA-CE82959D2DB9}.Debug|Any CPU.ActiveCfg = Debug|Any CPU
		{9BA0A3F5-5290-4B0A-9EEA-CE82959D2DB9}.Debug|Any CPU.Build.0 = Debug|Any CPU
		{9BA0A3F5-5290-4B0A-9EEA-CE82959D2DB9}.Release|Any CPU.ActiveCfg = Release|Any CPU
		{9BA0A3F5-5290-4B0A-9EEA-CE82959D2DB9}.Release|Any CPU.Build.0 = Release|Any CPU
		{E6AE3606-EED2-43F6-8ADD-35609D00AE68}.Debug|Any CPU.ActiveCfg = Debug|Any CPU
		{E6AE3606-EED2-43F6-8ADD-35609D00AE68}.Debug|Any CPU.Build.0 = Debug|Any CPU
		{E6AE3606-EED2-43F6-8ADD-35609D00AE68}.Release|Any CPU.ActiveCfg = Release|Any CPU
		{E6AE3606-EED2-43F6-8ADD-35609D00AE68}.Release|Any CPU.Build.0 = Release|Any CPU
		{C5640C34-E3A6-4120-A2E6-FFF90CFCF4CA}.Debug|Any CPU.ActiveCfg = Debug|Any CPU
		{C5640C34-E3A6-4120-A2E6-FFF90CFCF4CA}.Debug|Any CPU.Build.0 = Debug|Any CPU
		{C5640C34-E3A6-4120-A2E6-FFF90CFCF4CA}.Release|Any CPU.ActiveCfg = Release|Any CPU
		{C5640C34-E3A6-4120-A2E6-FFF90CFCF4CA}.Release|Any CPU.Build.0 = Release|Any CPU
		{541785CE-8D84-452A-B549-304816B6B43B}.Debug|Any CPU.ActiveCfg = Debug|Any CPU
		{541785CE-8D84-452A-B549-304816B6B43B}.Debug|Any CPU.Build.0 = Debug|Any CPU
		{541785CE-8D84-452A-B549-304816B6B43B}.Release|Any CPU.ActiveCfg = Release|Any CPU
		{541785CE-8D84-452A-B549-304816B6B43B}.Release|Any CPU.Build.0 = Release|Any CPU
		{CD597D06-B488-492E-846C-F5EFEF898D83}.Debug|Any CPU.ActiveCfg = Debug|Any CPU
		{CD597D06-B488-492E-846C-F5EFEF898D83}.Debug|Any CPU.Build.0 = Debug|Any CPU
		{CD597D06-B488-492E-846C-F5EFEF898D83}.Release|Any CPU.ActiveCfg = Release|Any CPU
		{CD597D06-B488-492E-846C-F5EFEF898D83}.Release|Any CPU.Build.0 = Release|Any CPU
	EndGlobalSection
	GlobalSection(SolutionProperties) = preSolution
		HideSolutionNode = FALSE
	EndGlobalSection
	GlobalSection(NestedProjects) = preSolution
		{9BA0A3F5-5290-4B0A-9EEA-CE82959D2DB9} = {02EA681E-C7D8-13C7-8484-4AC65E1B71E8}
		{E6AE3606-EED2-43F6-8ADD-35609D00AE68} = {02EA681E-C7D8-13C7-8484-4AC65E1B71E8}
		{C5640C34-E3A6-4120-A2E6-FFF90CFCF4CA} = {D1AC8C28-E10D-4C88-9E75-AEC5B3E35155}
		{541785CE-8D84-452A-B549-304816B6B43B} = {D1AC8C28-E10D-4C88-9E75-AEC5B3E35155}
		{CD597D06-B488-492E-846C-F5EFEF898D83} = {D1AC8C28-E10D-4C88-9E75-AEC5B3E35155}
	EndGlobalSection
	GlobalSection(ExtensibilityGlobals) = postSolution
		SolutionGuid = {26E76B2C-37D7-4091-9C33-81644C63871C}
	EndGlobalSection
EndGlobal
